
Microsoft Visual Studio Solution File, Format Version 12.00
# Visual Studio 15
VisualStudioVersion = 15.0.27703.2042
MinimumVisualStudioVersion = 10.0.40219.1
Project("{FAE04EC0-301F-11D3-BF4B-00C04F79EFBC}") = "WebApp_TheCorcoranGroup", "WebApp_TheCorcoranGroup\WebApp_TheCorcoranGroup.csproj", "{808117EB-2FDF-4A9B-ACC3-F8AAD95C185A}"
EndProject
Project("{FAE04EC0-301F-11D3-BF4B-00C04F79EFBC}") = "ApiApp_TheCorcoranGroup", "ApiApp_TheCorcoranGroup\ApiApp_TheCorcoranGroup.csproj", "{43CAD17F-E217-448E-BC91-2E40EFDE2325}"
EndProject
Global
	GlobalSection(SolutionConfigurationPlatforms) = preSolution
		Debug|Any CPU = Debug|Any CPU
		Release|Any CPU = Release|Any CPU
	EndGlobalSection
	GlobalSection(ProjectConfigurationPlatforms) = postSolution
		{808117EB-2FDF-4A9B-ACC3-F8AAD95C185A}.Debug|Any CPU.ActiveCfg = Debug|Any CPU
		{808117EB-2FDF-4A9B-ACC3-F8AAD95C185A}.Debug|Any CPU.Build.0 = Debug|Any CPU
		{808117EB-2FDF-4A9B-ACC3-F8AAD95C185A}.Release|Any CPU.ActiveCfg = Release|Any CPU
		{808117EB-2FDF-4A9B-ACC3-F8AAD95C185A}.Release|Any CPU.Build.0 = Release|Any CPU
		{43CAD17F-E217-448E-BC91-2E40EFDE2325}.Debug|Any CPU.ActiveCfg = Debug|Any CPU
		{43CAD17F-E217-448E-BC91-2E40EFDE2325}.Debug|Any CPU.Build.0 = Debug|Any CPU
		{43CAD17F-E217-448E-BC91-2E40EFDE2325}.Release|Any CPU.ActiveCfg = Release|Any CPU
		{43CAD17F-E217-448E-BC91-2E40EFDE2325}.Release|Any CPU.Build.0 = Release|Any CPU
	EndGlobalSection
	GlobalSection(SolutionProperties) = preSolution
		HideSolutionNode = FALSE
	EndGlobalSection
	GlobalSection(ExtensibilityGlobals) = postSolution
		SolutionGuid = {1F96F6FC-EA90-487F-B479-1CA63B9484F4}
	EndGlobalSection
EndGlobal
